// !$*UTF8*$!
{
	archiveVersion = 1;
	classes = {
	};
	objectVersion = 46;
	objects = {

/* Begin PBXBuildFile section */
		D3BC10FE1EE09E0A00D87A9C /* AppDelegate.swift in Sources */ = {isa = PBXBuildFile; fileRef = D3BC10FD1EE09E0A00D87A9C /* AppDelegate.swift */; };
		D3BC11001EE09E0A00D87A9C /* ViewController.swift in Sources */ = {isa = PBXBuildFile; fileRef = D3BC10FF1EE09E0A00D87A9C /* ViewController.swift */; };
		D3BC11031EE09E0A00D87A9C /* Main.storyboard in Resources */ = {isa = PBXBuildFile; fileRef = D3BC11011EE09E0A00D87A9C /* Main.storyboard */; };
		D3BC11051EE09E0A00D87A9C /* Assets.xcassets in Resources */ = {isa = PBXBuildFile; fileRef = D3BC11041EE09E0A00D87A9C /* Assets.xcassets */; };
		D3BC11081EE09E0A00D87A9C /* LaunchScreen.storyboard in Resources */ = {isa = PBXBuildFile; fileRef = D3BC11061EE09E0A00D87A9C /* LaunchScreen.storyboard */; };
		D3BC11131EE09E0B00D87A9C /* JfiggTestTests.swift in Sources */ = {isa = PBXBuildFile; fileRef = D3BC11121EE09E0B00D87A9C /* JfiggTestTests.swift */; };
		D3BC111E1EE09E0B00D87A9C /* JfiggTestUITests.swift in Sources */ = {isa = PBXBuildFile; fileRef = D3BC111D1EE09E0B00D87A9C /* JfiggTestUITests.swift */; };
/* End PBXBuildFile section */

/* Begin PBXContainerItemProxy section */
		D3BC110F1EE09E0A00D87A9C /* PBXContainerItemProxy */ = {
			isa = PBXContainerItemProxy;
			containerPortal = D3BC10F21EE09E0A00D87A9C /* Project object */;
			proxyType = 1;
			remoteGlobalIDString = D3BC10F91EE09E0A00D87A9C;
			remoteInfo = JfiggTest;
		};
		D3BC111A1EE09E0B00D87A9C /* PBXContainerItemProxy */ = {
			isa = PBXContainerItemProxy;
			containerPortal = D3BC10F21EE09E0A00D87A9C /* Project object */;
			proxyType = 1;
			remoteGlobalIDString = D3BC10F91EE09E0A00D87A9C;
			remoteInfo = JfiggTest;
		};
/* End PBXContainerItemProxy section */

/* Begin PBXFileReference section */
		D3BC10FA1EE09E0A00D87A9C /* JfiggTest.app */ = {isa = PBXFileReference; explicitFileType = wrapper.application; includeInIndex = 0; path = JfiggTest.app; sourceTree = BUILT_PRODUCTS_DIR; };
		D3BC10FD1EE09E0A00D87A9C /* AppDelegate.swift */ = {isa = PBXFileReference; lastKnownFileType = sourcecode.swift; path = AppDelegate.swift; sourceTree = "<group>"; };
		D3BC10FF1EE09E0A00D87A9C /* ViewController.swift */ = {isa = PBXFileReference; lastKnownFileType = sourcecode.swift; path = ViewController.swift; sourceTree = "<group>"; };
		D3BC11021EE09E0A00D87A9C /* Base */ = {isa = PBXFileReference; lastKnownFileType = file.storyboard; name = Base; path = Base.lproj/Main.storyboard; sourceTree = "<group>"; };
		D3BC11041EE09E0A00D87A9C /* Assets.xcassets */ = {isa = PBXFileReference; lastKnownFileType = folder.assetcatalog; path = Assets.xcassets; sourceTree = "<group>"; };
		D3BC11071EE09E0A00D87A9C /* Base */ = {isa = PBXFileReference; lastKnownFileType = file.storyboard; name = Base; path = Base.lproj/LaunchScreen.storyboard; sourceTree = "<group>"; };
		D3BC11091EE09E0A00D87A9C /* Info.plist */ = {isa = PBXFileReference; lastKnownFileType = text.plist.xml; path = Info.plist; sourceTree = "<group>"; };
		D3BC110E1EE09E0A00D87A9C /* JfiggTestTests.xctest */ = {isa = PBXFileReference; explicitFileType = wrapper.cfbundle; includeInIndex = 0; path = JfiggTestTests.xctest; sourceTree = BUILT_PRODUCTS_DIR; };
		D3BC11121EE09E0B00D87A9C /* JfiggTestTests.swift */ = {isa = PBXFileReference; lastKnownFileType = sourcecode.swift; path = JfiggTestTests.swift; sourceTree = "<group>"; };
		D3BC11141EE09E0B00D87A9C /* Info.plist */ = {isa = PBXFileReference; lastKnownFileType = text.plist.xml; path = Info.plist; sourceTree = "<group>"; };
		D3BC11191EE09E0B00D87A9C /* JfiggTestUITests.xctest */ = {isa = PBXFileReference; explicitFileType = wrapper.cfbundle; includeInIndex = 0; path = JfiggTestUITests.xctest; sourceTree = BUILT_PRODUCTS_DIR; };
		D3BC111D1EE09E0B00D87A9C /* JfiggTestUITests.swift */ = {isa = PBXFileReference; lastKnownFileType = sourcecode.swift; path = JfiggTestUITests.swift; sourceTree = "<group>"; };
		D3BC111F1EE09E0B00D87A9C /* Info.plist */ = {isa = PBXFileReference; lastKnownFileType = text.plist.xml; path = Info.plist; sourceTree = "<group>"; };
/* End PBXFileReference section */

/* Begin PBXFrameworksBuildPhase section */
		D3BC10F71EE09E0A00D87A9C /* Frameworks */ = {
			isa = PBXFrameworksBuildPhase;
			buildActionMask = 2147483647;
			files = (
			);
			runOnlyForDeploymentPostprocessing = 0;
		};
		D3BC110B1EE09E0A00D87A9C /* Frameworks */ = {
			isa = PBXFrameworksBuildPhase;
			buildActionMask = 2147483647;
			files = (
			);
			runOnlyForDeploymentPostprocessing = 0;
		};
		D3BC11161EE09E0B00D87A9C /* Frameworks */ = {
			isa = PBXFrameworksBuildPhase;
			buildActionMask = 2147483647;
			files = (
			);
			runOnlyForDeploymentPostprocessing = 0;
		};
/* End PBXFrameworksBuildPhase section */

/* Begin PBXGroup section */
		D3BC10F11EE09E0A00D87A9C = {
			isa = PBXGroup;
			children = (
				D3BC10FC1EE09E0A00D87A9C /* JfiggTest */,
				D3BC11111EE09E0A00D87A9C /* JfiggTestTests */,
				D3BC111C1EE09E0B00D87A9C /* JfiggTestUITests */,
				D3BC10FB1EE09E0A00D87A9C /* Products */,
			);
			sourceTree = "<group>";
		};
		D3BC10FB1EE09E0A00D87A9C /* Products */ = {
			isa = PBXGroup;
			children = (
				D3BC10FA1EE09E0A00D87A9C /* JfiggTest.app */,
				D3BC110E1EE09E0A00D87A9C /* JfiggTestTests.xctest */,
				D3BC11191EE09E0B00D87A9C /* JfiggTestUITests.xctest */,
			);
			name = Products;
			sourceTree = "<group>";
		};
		D3BC10FC1EE09E0A00D87A9C /* JfiggTest */ = {
			isa = PBXGroup;
			children = (
				D3BC10FD1EE09E0A00D87A9C /* AppDelegate.swift */,
				D3BC10FF1EE09E0A00D87A9C /* ViewController.swift */,
				D3BC11011EE09E0A00D87A9C /* Main.storyboard */,
				D3BC11041EE09E0A00D87A9C /* Assets.xcassets */,
				D3BC11061EE09E0A00D87A9C /* LaunchScreen.storyboard */,
				D3BC11091EE09E0A00D87A9C /* Info.plist */,
			);
			path = JfiggTest;
			sourceTree = "<group>";
		};
		D3BC11111EE09E0A00D87A9C /* JfiggTestTests */ = {
			isa = PBXGroup;
			children = (
				D3BC11121EE09E0B00D87A9C /* JfiggTestTests.swift */,
				D3BC11141EE09E0B00D87A9C /* Info.plist */,
			);
			path = JfiggTestTests;
			sourceTree = "<group>";
		};
		D3BC111C1EE09E0B00D87A9C /* JfiggTestUITests */ = {
			isa = PBXGroup;
			children = (
				D3BC111D1EE09E0B00D87A9C /* JfiggTestUITests.swift */,
				D3BC111F1EE09E0B00D87A9C /* Info.plist */,
			);
			path = JfiggTestUITests;
			sourceTree = "<group>";
		};
/* End PBXGroup section */

/* Begin PBXNativeTarget section */
		D3BC10F91EE09E0A00D87A9C /* JfiggTest */ = {
			isa = PBXNativeTarget;
			buildConfigurationList = D3BC11221EE09E0B00D87A9C /* Build configuration list for PBXNativeTarget "JfiggTest" */;
			buildPhases = (
				D3BC10F61EE09E0A00D87A9C /* Sources */,
				D3BC10F71EE09E0A00D87A9C /* Frameworks */,
				D3BC10F81EE09E0A00D87A9C /* Resources */,
			);
			buildRules = (
			);
			dependencies = (
			);
			name = JfiggTest;
			productName = JfiggTest;
			productReference = D3BC10FA1EE09E0A00D87A9C /* JfiggTest.app */;
			productType = "com.apple.product-type.application";
		};
		D3BC110D1EE09E0A00D87A9C /* JfiggTestTests */ = {
			isa = PBXNativeTarget;
			buildConfigurationList = D3BC11251EE09E0B00D87A9C /* Build configuration list for PBXNativeTarget "JfiggTestTests" */;
			buildPhases = (
				D3BC110A1EE09E0A00D87A9C /* Sources */,
				D3BC110B1EE09E0A00D87A9C /* Frameworks */,
				D3BC110C1EE09E0A00D87A9C /* Resources */,
			);
			buildRules = (
			);
			dependencies = (
				D3BC11101EE09E0A00D87A9C /* PBXTargetDependency */,
			);
			name = JfiggTestTests;
			productName = JfiggTestTests;
			productReference = D3BC110E1EE09E0A00D87A9C /* JfiggTestTests.xctest */;
			productType = "com.apple.product-type.bundle.unit-test";
		};
		D3BC11181EE09E0B00D87A9C /* JfiggTestUITests */ = {
			isa = PBXNativeTarget;
			buildConfigurationList = D3BC11281EE09E0B00D87A9C /* Build configuration list for PBXNativeTarget "JfiggTestUITests" */;
			buildPhases = (
				D3BC11151EE09E0B00D87A9C /* Sources */,
				D3BC11161EE09E0B00D87A9C /* Frameworks */,
				D3BC11171EE09E0B00D87A9C /* Resources */,
			);
			buildRules = (
			);
			dependencies = (
				D3BC111B1EE09E0B00D87A9C /* PBXTargetDependency */,
			);
			name = JfiggTestUITests;
			productName = JfiggTestUITests;
			productReference = D3BC11191EE09E0B00D87A9C /* JfiggTestUITests.xctest */;
			productType = "com.apple.product-type.bundle.ui-testing";
		};
/* End PBXNativeTarget section */

/* Begin PBXProject section */
		D3BC10F21EE09E0A00D87A9C /* Project object */ = {
			isa = PBXProject;
			attributes = {
				LastSwiftUpdateCheck = 0830;
				LastUpgradeCheck = 0830;
				ORGANIZATIONNAME = "Fleury Mobile";
				TargetAttributes = {
					D3BC10F91EE09E0A00D87A9C = {
						CreatedOnToolsVersion = 8.3.2;
						DevelopmentTeam = HH67VPFP9E;
						ProvisioningStyle = Automatic;
					};
					D3BC110D1EE09E0A00D87A9C = {
						CreatedOnToolsVersion = 8.3.2;
						DevelopmentTeam = HH67VPFP9E;
						ProvisioningStyle = Automatic;
						TestTargetID = D3BC10F91EE09E0A00D87A9C;
					};
					D3BC11181EE09E0B00D87A9C = {
						CreatedOnToolsVersion = 8.3.2;
						DevelopmentTeam = HH67VPFP9E;
						ProvisioningStyle = Automatic;
						TestTargetID = D3BC10F91EE09E0A00D87A9C;
					};
				};
			};
			buildConfigurationList = D3BC10F51EE09E0A00D87A9C /* Build configuration list for PBXProject "JfiggTest" */;
			compatibilityVersion = "Xcode 3.2";
			developmentRegion = English;
			hasScannedForEncodings = 0;
			knownRegions = (
				en,
				Base,
			);
			mainGroup = D3BC10F11EE09E0A00D87A9C;
			productRefGroup = D3BC10FB1EE09E0A00D87A9C /* Products */;
			projectDirPath = "";
			projectRoot = "";
			targets = (
				D3BC10F91EE09E0A00D87A9C /* JfiggTest */,
				D3BC110D1EE09E0A00D87A9C /* JfiggTestTests */,
				D3BC11181EE09E0B00D87A9C /* JfiggTestUITests */,
			);
		};
/* End PBXProject section */

/* Begin PBXResourcesBuildPhase section */
		D3BC10F81EE09E0A00D87A9C /* Resources */ = {
			isa = PBXResourcesBuildPhase;
			buildActionMask = 2147483647;
			files = (
				D3BC11081EE09E0A00D87A9C /* LaunchScreen.storyboard in Resources */,
				D3BC11051EE09E0A00D87A9C /* Assets.xcassets in Resources */,
				D3BC11031EE09E0A00D87A9C /* Main.storyboard in Resources */,
			);
			runOnlyForDeploymentPostprocessing = 0;
		};
		D3BC110C1EE09E0A00D87A9C /* Resources */ = {
			isa = PBXResourcesBuildPhase;
			buildActionMask = 2147483647;
			files = (
			);
			runOnlyForDeploymentPostprocessing = 0;
		};
		D3BC11171EE09E0B00D87A9C /* Resources */ = {
			isa = PBXResourcesBuildPhase;
			buildActionMask = 2147483647;
			files = (
			);
			runOnlyForDeploymentPostprocessing = 0;
		};
/* End PBXResourcesBuildPhase section */

/* Begin PBXSourcesBuildPhase section */
		D3BC10F61EE09E0A00D87A9C /* Sources */ = {
			isa = PBXSourcesBuildPhase;
			buildActionMask = 2147483647;
			files = (
				D3BC11001EE09E0A00D87A9C /* ViewController.swift in Sources */,
				D3BC10FE1EE09E0A00D87A9C /* AppDelegate.swift in Sources */,
			);
			runOnlyForDeploymentPostprocessing = 0;
		};
		D3BC110A1EE09E0A00D87A9C /* Sources */ = {
			isa = PBXSourcesBuildPhase;
			buildActionMask = 2147483647;
			files = (
				D3BC11131EE09E0B00D87A9C /* JfiggTestTests.swift in Sources */,
			);
			runOnlyForDeploymentPostprocessing = 0;
		};
		D3BC11151EE09E0B00D87A9C /* Sources */ = {
			isa = PBXSourcesBuildPhase;
			buildActionMask = 2147483647;
			files = (
				D3BC111E1EE09E0B00D87A9C /* JfiggTestUITests.swift in Sources */,
			);
			runOnlyForDeploymentPostprocessing = 0;
		};
/* End PBXSourcesBuildPhase section */

/* Begin PBXTargetDependency section */
		D3BC11101EE09E0A00D87A9C /* PBXTargetDependency */ = {
			isa = PBXTargetDependency;
			target = D3BC10F91EE09E0A00D87A9C /* JfiggTest */;
			targetProxy = D3BC110F1EE09E0A00D87A9C /* PBXContainerItemProxy */;
		};
		D3BC111B1EE09E0B00D87A9C /* PBXTargetDependency */ = {
			isa = PBXTargetDependency;
			target = D3BC10F91EE09E0A00D87A9C /* JfiggTest */;
			targetProxy = D3BC111A1EE09E0B00D87A9C /* PBXContainerItemProxy */;
		};
/* End PBXTargetDependency section */

/* Begin PBXVariantGroup section */
		D3BC11011EE09E0A00D87A9C /* Main.storyboard */ = {
			isa = PBXVariantGroup;
			children = (
				D3BC11021EE09E0A00D87A9C /* Base */,
			);
			name = Main.storyboard;
			sourceTree = "<group>";
		};
		D3BC11061EE09E0A00D87A9C /* LaunchScreen.storyboard */ = {
			isa = PBXVariantGroup;
			children = (
				D3BC11071EE09E0A00D87A9C /* Base */,
			);
			name = LaunchScreen.storyboard;
			sourceTree = "<group>";
		};
/* End PBXVariantGroup section */

/* Begin XCBuildConfiguration section */
		D3BC11201EE09E0B00D87A9C /* Debug */ = {
			isa = XCBuildConfiguration;
			buildSettings = {
				ALWAYS_SEARCH_USER_PATHS = NO;
				CLANG_ANALYZER_NONNULL = YES;
				CLANG_ANALYZER_NUMBER_OBJECT_CONVERSION = YES_AGGRESSIVE;
				CLANG_CXX_LANGUAGE_STANDARD = "gnu++0x";
				CLANG_CXX_LIBRARY = "libc++";
				CLANG_ENABLE_MODULES = YES;
				CLANG_ENABLE_OBJC_ARC = YES;
				CLANG_WARN_BOOL_CONVERSION = YES;
				CLANG_WARN_CONSTANT_CONVERSION = YES;
				CLANG_WARN_DIRECT_OBJC_ISA_USAGE = YES_ERROR;
				CLANG_WARN_DOCUMENTATION_COMMENTS = YES;
				CLANG_WARN_EMPTY_BODY = YES;
				CLANG_WARN_ENUM_CONVERSION = YES;
				CLANG_WARN_INFINITE_RECURSION = YES;
				CLANG_WARN_INT_CONVERSION = YES;
				CLANG_WARN_OBJC_ROOT_CLASS = YES_ERROR;
				CLANG_WARN_SUSPICIOUS_MOVE = YES;
				CLANG_WARN_UNREACHABLE_CODE = YES;
				CLANG_WARN__DUPLICATE_METHOD_MATCH = YES;
				"CODE_SIGN_IDENTITY[sdk=iphoneos*]" = "iPhone Developer";
				COPY_PHASE_STRIP = NO;
				DEBUG_INFORMATION_FORMAT = dwarf;
				ENABLE_STRICT_OBJC_MSGSEND = YES;
				ENABLE_TESTABILITY = YES;
				GCC_C_LANGUAGE_STANDARD = gnu99;
				GCC_DYNAMIC_NO_PIC = NO;
				GCC_NO_COMMON_BLOCKS = YES;
				GCC_OPTIMIZATION_LEVEL = 0;
				GCC_PREPROCESSOR_DEFINITIONS = (
					"DEBUG=1",
					"$(inherited)",
				);
				GCC_WARN_64_TO_32_BIT_CONVERSION = YES;
				GCC_WARN_ABOUT_RETURN_TYPE = YES_ERROR;
				GCC_WARN_UNDECLARED_SELECTOR = YES;
				GCC_WARN_UNINITIALIZED_AUTOS = YES_AGGRESSIVE;
				GCC_WARN_UNUSED_FUNCTION = YES;
				GCC_WARN_UNUSED_VARIABLE = YES;
				IPHONEOS_DEPLOYMENT_TARGET = 10.3;
				MTL_ENABLE_DEBUG_INFO = YES;
				ONLY_ACTIVE_ARCH = YES;
				SDKROOT = iphoneos;
				SWIFT_ACTIVE_COMPILATION_CONDITIONS = DEBUG;
				SWIFT_OPTIMIZATION_LEVEL = "-Onone";
				TARGETED_DEVICE_FAMILY = "1,2";
			};
			name = Debug;
		};
		D3BC11211EE09E0B00D87A9C /* Release */ = {
			isa = XCBuildConfiguration;
			buildSettings = {
				ALWAYS_SEARCH_USER_PATHS = NO;
				CLANG_ANALYZER_NONNULL = YES;
				CLANG_ANALYZER_NUMBER_OBJECT_CONVERSION = YES_AGGRESSIVE;
				CLANG_CXX_LANGUAGE_STANDARD = "gnu++0x";
				CLANG_CXX_LIBRARY = "libc++";
				CLANG_ENABLE_MODULES = YES;
				CLANG_ENABLE_OBJC_ARC = YES;
				CLANG_WARN_BOOL_CONVERSION = YES;
				CLANG_WARN_CONSTANT_CONVERSION = YES;
				CLANG_WARN_DIRECT_OBJC_ISA_USAGE = YES_ERROR;
				CLANG_WARN_DOCUMENTATION_COMMENTS = YES;
				CLANG_WARN_EMPTY_BODY = YES;
				CLANG_WARN_ENUM_CONVERSION = YES;
				CLANG_WARN_INFINITE_RECURSION = YES;
				CLANG_WARN_INT_CONVERSION = YES;
				CLANG_WARN_OBJC_ROOT_CLASS = YES_ERROR;
				CLANG_WARN_SUSPICIOUS_MOVE = YES;
				CLANG_WARN_UNREACHABLE_CODE = YES;
				CLANG_WARN__DUPLICATE_METHOD_MATCH = YES;
				"CODE_SIGN_IDENTITY[sdk=iphoneos*]" = "iPhone Developer";
				COPY_PHASE_STRIP = NO;
				DEBUG_INFORMATION_FORMAT = "dwarf-with-dsym";
				ENABLE_NS_ASSERTIONS = NO;
				ENABLE_STRICT_OBJC_MSGSEND = YES;
				GCC_C_LANGUAGE_STANDARD = gnu99;
				GCC_NO_COMMON_BLOCKS = YES;
				GCC_WARN_64_TO_32_BIT_CONVERSION = YES;
				GCC_WARN_ABOUT_RETURN_TYPE = YES_ERROR;
				GCC_WARN_UNDECLARED_SELECTOR = YES;
				GCC_WARN_UNINITIALIZED_AUTOS = YES_AGGRESSIVE;
				GCC_WARN_UNUSED_FUNCTION = YES;
				GCC_WARN_UNUSED_VARIABLE = YES;
				IPHONEOS_DEPLOYMENT_TARGET = 10.3;
				MTL_ENABLE_DEBUG_INFO = NO;
				SDKROOT = iphoneos;
				SWIFT_OPTIMIZATION_LEVEL = "-Owholemodule";
				TARGETED_DEVICE_FAMILY = "1,2";
				VALIDATE_PRODUCT = YES;
			};
			name = Release;
		};
		D3BC11231EE09E0B00D87A9C /* Debug */ = {
			isa = XCBuildConfiguration;
			buildSettings = {
				ASSETCATALOG_COMPILER_APPICON_NAME = AppIcon;
				DEVELOPMENT_TEAM = HH67VPFP9E;
				INFOPLIST_FILE = JfiggTest/Info.plist;
				LD_RUNPATH_SEARCH_PATHS = "$(inherited) @executable_path/Frameworks";
				PRODUCT_BUNDLE_IDENTIFIER = edu.nhti.JfiggTest;
				PRODUCT_NAME = "$(TARGET_NAME)";
				SWIFT_VERSION = 3.0;
			};
			name = Debug;
		};
		D3BC11241EE09E0B00D87A9C /* Release */ = {
			isa = XCBuildConfiguration;
			buildSettings = {
				ASSETCATALOG_COMPILER_APPICON_NAME = AppIcon;
				DEVELOPMENT_TEAM = HH67VPFP9E;
				INFOPLIST_FILE = JfiggTest/Info.plist;
				LD_RUNPATH_SEARCH_PATHS = "$(inherited) @executable_path/Frameworks";
				PRODUCT_BUNDLE_IDENTIFIER = edu.nhti.JfiggTest;
				PRODUCT_NAME = "$(TARGET_NAME)";
				SWIFT_VERSION = 3.0;
			};
			name = Release;
		};
		D3BC11261EE09E0B00D87A9C /* Debug */ = {
			isa = XCBuildConfiguration;
			buildSettings = {
				ALWAYS_EMBED_SWIFT_STANDARD_LIBRARIES = YES;
				BUNDLE_LOADER = "$(TEST_HOST)";
				DEVELOPMENT_TEAM = HH67VPFP9E;
				INFOPLIST_FILE = JfiggTestTests/Info.plist;
				LD_RUNPATH_SEARCH_PATHS = "$(inherited) @executable_path/Frameworks @loader_path/Frameworks";
				PRODUCT_BUNDLE_IDENTIFIER = edu.nhti.JfiggTestTests;
				PRODUCT_NAME = "$(TARGET_NAME)";
				SWIFT_VERSION = 3.0;
				TEST_HOST = "$(BUILT_PRODUCTS_DIR)/JfiggTest.app/JfiggTest";
			};
			name = Debug;
		};
		D3BC11271EE09E0B00D87A9C /* Release */ = {
			isa = XCBuildConfiguration;
			buildSettings = {
				ALWAYS_EMBED_SWIFT_STANDARD_LIBRARIES = YES;
				BUNDLE_LOADER = "$(TEST_HOST)";
				DEVELOPMENT_TEAM = HH67VPFP9E;
				INFOPLIST_FILE = JfiggTestTests/Info.plist;
				LD_RUNPATH_SEARCH_PATHS = "$(inherited) @executable_path/Frameworks @loader_path/Frameworks";
				PRODUCT_BUNDLE_IDENTIFIER = edu.nhti.JfiggTestTests;
				PRODUCT_NAME = "$(TARGET_NAME)";
				SWIFT_VERSION = 3.0;
				TEST_HOST = "$(BUILT_PRODUCTS_DIR)/JfiggTest.app/JfiggTest";
			};
			name = Release;
		};
		D3BC11291EE09E0B00D87A9C /* Debug */ = {
			isa = XCBuildConfiguration;
			buildSettings = {
				ALWAYS_EMBED_SWIFT_STANDARD_LIBRARIES = YES;
				DEVELOPMENT_TEAM = HH67VPFP9E;
				INFOPLIST_FILE = JfiggTestUITests/Info.plist;
				LD_RUNPATH_SEARCH_PATHS = "$(inherited) @executable_path/Frameworks @loader_path/Frameworks";
				PRODUCT_BUNDLE_IDENTIFIER = edu.nhti.JfiggTestUITests;
				PRODUCT_NAME = "$(TARGET_NAME)";
				SWIFT_VERSION = 3.0;
				TEST_TARGET_NAME = JfiggTest;
			};
			name = Debug;
		};
		D3BC112A1EE09E0B00D87A9C /* Release */ = {
			isa = XCBuildConfiguration;
			buildSettings = {
				ALWAYS_EMBED_SWIFT_STANDARD_LIBRARIES = YES;
				DEVELOPMENT_TEAM = HH67VPFP9E;
				INFOPLIST_FILE = JfiggTestUITests/Info.plist;
				LD_RUNPATH_SEARCH_PATHS = "$(inherited) @executable_path/Frameworks @loader_path/Frameworks";
				PRODUCT_BUNDLE_IDENTIFIER = edu.nhti.JfiggTestUITests;
				PRODUCT_NAME = "$(TARGET_NAME)";
				SWIFT_VERSION = 3.0;
				TEST_TARGET_NAME = JfiggTest;
			};
			name = Release;
		};
/* End XCBuildConfiguration section */

/* Begin XCConfigurationList section */
		D3BC10F51EE09E0A00D87A9C /* Build configuration list for PBXProject "JfiggTest" */ = {
			isa = XCConfigurationList;
			buildConfigurations = (
				D3BC11201EE09E0B00D87A9C /* Debug */,
				D3BC11211EE09E0B00D87A9C /* Release */,
			);
			defaultConfigurationIsVisible = 0;
			defaultConfigurationName = Release;
		};
		D3BC11221EE09E0B00D87A9C /* Build configuration list for PBXNativeTarget "JfiggTest" */ = {
			isa = XCConfigurationList;
			buildConfigurations = (
				D3BC11231EE09E0B00D87A9C /* Debug */,
				D3BC11241EE09E0B00D87A9C /* Release */,
			);
			defaultConfigurationIsVisible = 0;
		};
		D3BC11251EE09E0B00D87A9C /* Build configuration list for PBXNativeTarget "JfiggTestTests" */ = {
			isa = XCConfigurationList;
			buildConfigurations = (
				D3BC11261EE09E0B00D87A9C /* Debug */,
				D3BC11271EE09E0B00D87A9C /* Release */,
			);
			defaultConfigurationIsVisible = 0;
		};
		D3BC11281EE09E0B00D87A9C /* Build configuration list for PBXNativeTarget "JfiggTestUITests" */ = {
			isa = XCConfigurationList;
			buildConfigurations = (
				D3BC11291EE09E0B00D87A9C /* Debug */,
				D3BC112A1EE09E0B00D87A9C /* Release */,
			);
			defaultConfigurationIsVisible = 0;
		};
/* End XCConfigurationList section */
	};
	rootObject = D3BC10F21EE09E0A00D87A9C /* Project object */;
}
